// !$*UTF8*$!
{
	archiveVersion = 1;
	classes = {
	};
	objectVersion = 48;
	objects = {

/* Begin PBXGroup section */
		C75AF8D41F86A62A00C94C0B = {
			isa = PBXGroup;
			children = (
			);
			sourceTree = "<group>";
		};
/* End PBXGroup section */

/* Begin PBXProject section */
		C75AF8D51F86A62A00C94C0B /* Project object */ = {
			isa = PBXProject;
			attributes = {
				LastUpgradeCheck = 0900;
			};
			buildConfigurationList = C75AF8D81F86A62A00C94C0B /* Build configuration list for PBXProject "SwiftStandardLibrary" */;
			compatibilityVersion = "Xcode 8.0";
			developmentRegion = en;
			hasScannedForEncodings = 0;
			knownRegions = (
				en,
			);
			mainGroup = C75AF8D41F86A62A00C94C0B;
			projectDirPath = "";
			projectRoot = "";
			targets = (
			);
		};
/* End PBXProject section */

/* Begin XCBuildConfiguration section */
		C75AF8D91F86A62A00C94C0B /* Debug */ = {
			isa = XCBuildConfiguration;
			buildSettings = {
			};
			name = Debug;
		};
		C75AF8DA1F86A62A00C94C0B /* Release */ = {
			isa = XCBuildConfiguration;
			buildSettings = {
			};
			name = Release;
		};
/* End XCBuildConfiguration section */

/* Begin XCConfigurationList section */
		C75AF8D81F86A62A00C94C0B /* Build configuration list for PBXProject "SwiftStandardLibrary" */ = {
			isa = XCConfigurationList;
			buildConfigurations = (
				C75AF8D91F86A62A00C94C0B /* Debug */,
				C75AF8DA1F86A62A00C94C0B /* Release */,
			);
			defaultConfigurationIsVisible = 0;
			defaultConfigurationName = Release;
		};
/* End XCConfigurationList section */
	};
	rootObject = C75AF8D51F86A62A00C94C0B /* Project object */;
}
